
Microsoft Visual Studio Solution File, Format Version 12.00
# Visual Studio Version 16
VisualStudioVersion = 16.0.29306.81
MinimumVisualStudioVersion = 10.0.40219.1
Project("{FAE04EC0-301F-11D3-BF4B-00C04F79EFBC}") = "AppPscl", "AppPscl\AppPscl.csproj", "{4952116B-1269-4055-9798-2C8E88D6018C}"
EndProject
Global
	GlobalSection(SolutionConfigurationPlatforms) = preSolution
		Debug|Any CPU = Debug|Any CPU
		Release|Any CPU = Release|Any CPU
	EndGlobalSection
	GlobalSection(ProjectConfigurationPlatforms) = postSolution
		{4952116B-1269-4055-9798-2C8E88D6018C}.Debug|Any CPU.ActiveCfg = Debug|Any CPU
		{4952116B-1269-4055-9798-2C8E88D6018C}.Debug|Any CPU.Build.0 = Debug|Any CPU
		{4952116B-1269-4055-9798-2C8E88D6018C}.Release|Any CPU.ActiveCfg = Release|Any CPU
		{4952116B-1269-4055-9798-2C8E88D6018C}.Release|Any CPU.Build.0 = Release|Any CPU
	EndGlobalSection
	GlobalSection(SolutionProperties) = preSolution
		HideSolutionNode = FALSE
	EndGlobalSection
	GlobalSection(ExtensibilityGlobals) = postSolution
		SolutionGuid = {BC80A00C-2077-465C-9587-EA6C3F5913FF}
	EndGlobalSection
EndGlobal
